
Microsoft Visual Studio Solution File, Format Version 12.00
# Visual Studio 15
VisualStudioVersion = 15.0.28307.1209
MinimumVisualStudioVersion = 10.0.40219.1
Project("{FAE04EC0-301F-11D3-BF4B-00C04F79EFBC}") = "asyncblogpost", "asyncblogpost\asyncblogpost.csproj", "{7FA4B066-B5C9-4B38-8DB5-0CE31E9AA0B9}"
EndProject
Global
	GlobalSection(SolutionConfigurationPlatforms) = preSolution
		Debug|Any CPU = Debug|Any CPU
		Release|Any CPU = Release|Any CPU
	EndGlobalSection
	GlobalSection(ProjectConfigurationPlatforms) = postSolution
		{7FA4B066-B5C9-4B38-8DB5-0CE31E9AA0B9}.Debug|Any CPU.ActiveCfg = Debug|Any CPU
		{7FA4B066-B5C9-4B38-8DB5-0CE31E9AA0B9}.Debug|Any CPU.Build.0 = Debug|Any CPU
		{7FA4B066-B5C9-4B38-8DB5-0CE31E9AA0B9}.Release|Any CPU.ActiveCfg = Release|Any CPU
		{7FA4B066-B5C9-4B38-8DB5-0CE31E9AA0B9}.Release|Any CPU.Build.0 = Release|Any CPU
	EndGlobalSection
	GlobalSection(SolutionProperties) = preSolution
		HideSolutionNode = FALSE
	EndGlobalSection
	GlobalSection(ExtensibilityGlobals) = postSolution
		SolutionGuid = {4BB9F889-F78C-412B-B088-EC9A794829D4}
	EndGlobalSection
EndGlobal
